
Microsoft Visual Studio Solution File, Format Version 12.00
# Visual Studio Version 16
VisualStudioVersion = 16.0.30406.217
MinimumVisualStudioVersion = 10.0.40219.1
Project("{9A19103F-16F7-4668-BE54-9A1E7A4F7556}") = "EFCore", "EFCore\EFCore.csproj", "{D1DCC221-D96C-4E15-B2EB-33B9ECC564D7}"
EndProject
Project("{FAE04EC0-301F-11D3-BF4B-00C04F79EFBC}") = "EF Models", "EF Models\EF Models.csproj", "{5F963F45-14CA-4C5A-81DA-6ABEEBBF6A99}"
EndProject
Global
	GlobalSection(SolutionConfigurationPlatforms) = preSolution
		Debug|Any CPU = Debug|Any CPU
		Release|Any CPU = Release|Any CPU
	EndGlobalSection
	GlobalSection(ProjectConfigurationPlatforms) = postSolution
		{D1DCC221-D96C-4E15-B2EB-33B9ECC564D7}.Debug|Any CPU.ActiveCfg = Debug|Any CPU
		{D1DCC221-D96C-4E15-B2EB-33B9ECC564D7}.Debug|Any CPU.Build.0 = Debug|Any CPU
		{D1DCC221-D96C-4E15-B2EB-33B9ECC564D7}.Release|Any CPU.ActiveCfg = Release|Any CPU
		{D1DCC221-D96C-4E15-B2EB-33B9ECC564D7}.Release|Any CPU.Build.0 = Release|Any CPU
		{5F963F45-14CA-4C5A-81DA-6ABEEBBF6A99}.Debug|Any CPU.ActiveCfg = Debug|Any CPU
		{5F963F45-14CA-4C5A-81DA-6ABEEBBF6A99}.Debug|Any CPU.Build.0 = Debug|Any CPU
		{5F963F45-14CA-4C5A-81DA-6ABEEBBF6A99}.Release|Any CPU.ActiveCfg = Release|Any CPU
		{5F963F45-14CA-4C5A-81DA-6ABEEBBF6A99}.Release|Any CPU.Build.0 = Release|Any CPU
	EndGlobalSection
	GlobalSection(SolutionProperties) = preSolution
		HideSolutionNode = FALSE
	EndGlobalSection
	GlobalSection(ExtensibilityGlobals) = postSolution
		SolutionGuid = {E9996B1E-4B05-4CCB-87A0-C9DC7F9BCC16}
	EndGlobalSection
EndGlobal
